// !$*UTF8*$!
{
	archiveVersion = 1;
	classes = {
	};
	objectVersion = 46;
	objects = {

/* Begin PBXBuildFile section */
		A908C72013E034400039E510 /* AFTextViewController.m in Sources */ = {isa = PBXBuildFile; fileRef = A908C71E13E034400039E510 /* AFTextViewController.m */; };
		A908C72113E034400039E510 /* AFTextViewController.xib in Resources */ = {isa = PBXBuildFile; fileRef = A908C71F13E034400039E510 /* AFTextViewController.xib */; };
		A908C72413E046870039E510 /* QuartzCore.framework in Frameworks */ = {isa = PBXBuildFile; fileRef = A908C72313E046870039E510 /* QuartzCore.framework */; };
		A908C72813E052340039E510 /* AFLayersViewController.m in Sources */ = {isa = PBXBuildFile; fileRef = A908C72613E052340039E510 /* AFLayersViewController.m */; };
		A908C72913E052340039E510 /* AFLayersViewController.xib in Resources */ = {isa = PBXBuildFile; fileRef = A908C72713E052340039E510 /* AFLayersViewController.xib */; };
		A908C72C13E060C10039E510 /* AFLayersView.m in Sources */ = {isa = PBXBuildFile; fileRef = A908C72B13E060C10039E510 /* AFLayersView.m */; };
		A948142613E15D6D00AF4514 /* AFWebViewController.m in Sources */ = {isa = PBXBuildFile; fileRef = A948142413E15D6D00AF4514 /* AFWebViewController.m */; };
		A948142713E15D6D00AF4514 /* AFWebViewController.xib in Resources */ = {isa = PBXBuildFile; fileRef = A948142513E15D6D00AF4514 /* AFWebViewController.xib */; };
		A948142913E15EFC00AF4514 /* index.html in Resources */ = {isa = PBXBuildFile; fileRef = A948142813E15EFC00AF4514 /* index.html */; };
		A948142B13E1630C00AF4514 /* README.md in Resources */ = {isa = PBXBuildFile; fileRef = A948142A13E1630C00AF4514 /* README.md */; };
		A948142D13E1642A00AF4514 /* LICENSE.txt in Resources */ = {isa = PBXBuildFile; fileRef = A948142C13E1642A00AF4514 /* LICENSE.txt */; };
		A948143213E18BE700AF4514 /* AFFontListViewController.m in Sources */ = {isa = PBXBuildFile; fileRef = A948143013E18BE700AF4514 /* AFFontListViewController.m */; };
		A948143313E18BE700AF4514 /* AFFontListViewController.xib in Resources */ = {isa = PBXBuildFile; fileRef = A948143113E18BE700AF4514 /* AFFontListViewController.xib */; };
		A9D3308A13E1CC4200255D9E /* icon.png in Resources */ = {isa = PBXBuildFile; fileRef = A9D3308813E1CC4200255D9E /* icon.png */; };
		A9D3308B13E1CC4200255D9E /* icon@2x.png in Resources */ = {isa = PBXBuildFile; fileRef = A9D3308913E1CC4200255D9E /* icon@2x.png */; };
		A9E2E82813DF193700DF4FBF /* UIKit.framework in Frameworks */ = {isa = PBXBuildFile; fileRef = A9E2E82713DF193700DF4FBF /* UIKit.framework */; };
		A9E2E82A13DF193700DF4FBF /* Foundation.framework in Frameworks */ = {isa = PBXBuildFile; fileRef = A9E2E82913DF193700DF4FBF /* Foundation.framework */; };
		A9E2E82C13DF193700DF4FBF /* CoreGraphics.framework in Frameworks */ = {isa = PBXBuildFile; fileRef = A9E2E82B13DF193700DF4FBF /* CoreGraphics.framework */; };
		A9E2E83213DF193700DF4FBF /* InfoPlist.strings in Resources */ = {isa = PBXBuildFile; fileRef = A9E2E83013DF193700DF4FBF /* InfoPlist.strings */; };
		A9E2E83513DF193700DF4FBF /* main.m in Sources */ = {isa = PBXBuildFile; fileRef = A9E2E83413DF193700DF4FBF /* main.m */; };
		A9E2E83813DF193700DF4FBF /* AppFontDemoAppDelegate.m in Sources */ = {isa = PBXBuildFile; fileRef = A9E2E83713DF193700DF4FBF /* AppFontDemoAppDelegate.m */; };
		A9E2E83B13DF193700DF4FBF /* MainWindow.xib in Resources */ = {isa = PBXBuildFile; fileRef = A9E2E83913DF193700DF4FBF /* MainWindow.xib */; };
		A9E2E83E13DF193700DF4FBF /* RootViewController.m in Sources */ = {isa = PBXBuildFile; fileRef = A9E2E83D13DF193700DF4FBF /* RootViewController.m */; };
		A9E2E84113DF193700DF4FBF /* RootViewController.xib in Resources */ = {isa = PBXBuildFile; fileRef = A9E2E83F13DF193700DF4FBF /* RootViewController.xib */; };
		A9E2E85413DF2ABA00DF4FBF /* AFButtonsViewController.m in Sources */ = {isa = PBXBuildFile; fileRef = A9E2E85213DF2AB900DF4FBF /* AFButtonsViewController.m */; };
		A9E2E85513DF2ABA00DF4FBF /* AFButtonsViewController.xib in Resources */ = {isa = PBXBuildFile; fileRef = A9E2E85313DF2AB900DF4FBF /* AFButtonsViewController.xib */; };
		A9E2E85813DF6B7A00DF4FBF /* UIViewController+AppFonts.m in Sources */ = {isa = PBXBuildFile; fileRef = A9E2E85713DF6B7A00DF4FBF /* UIViewController+AppFonts.m */; };
		A9E2E85A13DF70D400DF4FBF /* back-button@2x.png in Resources */ = {isa = PBXBuildFile; fileRef = A9E2E85913DF70D400DF4FBF /* back-button@2x.png */; };
		A9E2E85C13DF72C000DF4FBF /* back-button.png in Resources */ = {isa = PBXBuildFile; fileRef = A9E2E85B13DF72C000DF4FBF /* back-button.png */; };
		A9E2E85F13DF781200DF4FBF /* back-button-hi.png in Resources */ = {isa = PBXBuildFile; fileRef = A9E2E85D13DF781200DF4FBF /* back-button-hi.png */; };
		A9E2E86013DF781200DF4FBF /* back-button-hi@2x.png in Resources */ = {isa = PBXBuildFile; fileRef = A9E2E85E13DF781200DF4FBF /* back-button-hi@2x.png */; };
		A9E36A7C140E4BDD00666BA2 /* BasicGothicMobiPro-BlackItalic.ttf in Resources */ = {isa = PBXBuildFile; fileRef = A9E36A7B140E4BDD00666BA2 /* BasicGothicMobiPro-BlackItalic.ttf */; };
/* End PBXBuildFile section */

/* Begin PBXFileReference section */
		A908C71D13E034400039E510 /* AFTextViewController.h */ = {isa = PBXFileReference; fileEncoding = 4; lastKnownFileType = sourcecode.c.h; path = AFTextViewController.h; sourceTree = "<group>"; };
		A908C71E13E034400039E510 /* AFTextViewController.m */ = {isa = PBXFileReference; fileEncoding = 4; lastKnownFileType = sourcecode.c.objc; lineEnding = 0; path = AFTextViewController.m; sourceTree = "<group>"; xcLanguageSpecificationIdentifier = xcode.lang.objc; };
		A908C71F13E034400039E510 /* AFTextViewController.xib */ = {isa = PBXFileReference; fileEncoding = 4; lastKnownFileType = file.xib; path = AFTextViewController.xib; sourceTree = "<group>"; };
		A908C72313E046870039E510 /* QuartzCore.framework */ = {isa = PBXFileReference; lastKnownFileType = wrapper.framework; name = QuartzCore.framework; path = System/Library/Frameworks/QuartzCore.framework; sourceTree = SDKROOT; };
		A908C72513E052340039E510 /* AFLayersViewController.h */ = {isa = PBXFileReference; fileEncoding = 4; lastKnownFileType = sourcecode.c.h; path = AFLayersViewController.h; sourceTree = "<group>"; };
		A908C72613E052340039E510 /* AFLayersViewController.m */ = {isa = PBXFileReference; fileEncoding = 4; lastKnownFileType = sourcecode.c.objc; path = AFLayersViewController.m; sourceTree = "<group>"; };
		A908C72713E052340039E510 /* AFLayersViewController.xib */ = {isa = PBXFileReference; fileEncoding = 4; lastKnownFileType = file.xib; path = AFLayersViewController.xib; sourceTree = "<group>"; };
		A908C72A13E060C10039E510 /* AFLayersView.h */ = {isa = PBXFileReference; fileEncoding = 4; lastKnownFileType = sourcecode.c.h; path = AFLayersView.h; sourceTree = "<group>"; };
		A908C72B13E060C10039E510 /* AFLayersView.m */ = {isa = PBXFileReference; fileEncoding = 4; lastKnownFileType = sourcecode.c.objc; lineEnding = 0; path = AFLayersView.m; sourceTree = "<group>"; xcLanguageSpecificationIdentifier = xcode.lang.objc; };
		A948142313E15D6D00AF4514 /* AFWebViewController.h */ = {isa = PBXFileReference; fileEncoding = 4; lastKnownFileType = sourcecode.c.h; path = AFWebViewController.h; sourceTree = "<group>"; };
		A948142413E15D6D00AF4514 /* AFWebViewController.m */ = {isa = PBXFileReference; fileEncoding = 4; lastKnownFileType = sourcecode.c.objc; path = AFWebViewController.m; sourceTree = "<group>"; };
		A948142513E15D6D00AF4514 /* AFWebViewController.xib */ = {isa = PBXFileReference; fileEncoding = 4; lastKnownFileType = file.xib; path = AFWebViewController.xib; sourceTree = "<group>"; };
		A948142813E15EFC00AF4514 /* index.html */ = {isa = PBXFileReference; fileEncoding = 4; lastKnownFileType = text.html; lineEnding = 0; name = index.html; path = web/index.html; sourceTree = "<group>"; xcLanguageSpecificationIdentifier = xcode.lang.html; };
		A948142A13E1630C00AF4514 /* README.md */ = {isa = PBXFileReference; fileEncoding = 4; lastKnownFileType = text; lineEnding = 0; path = README.md; sourceTree = "<group>"; };
		A948142C13E1642A00AF4514 /* LICENSE.txt */ = {isa = PBXFileReference; fileEncoding = 4; lastKnownFileType = text; path = LICENSE.txt; sourceTree = "<group>"; };
		A948142F13E18BE600AF4514 /* AFFontListViewController.h */ = {isa = PBXFileReference; fileEncoding = 4; lastKnownFileType = sourcecode.c.h; path = AFFontListViewController.h; sourceTree = "<group>"; };
		A948143013E18BE700AF4514 /* AFFontListViewController.m */ = {isa = PBXFileReference; fileEncoding = 4; lastKnownFileType = sourcecode.c.objc; path = AFFontListViewController.m; sourceTree = "<group>"; };
		A948143113E18BE700AF4514 /* AFFontListViewController.xib */ = {isa = PBXFileReference; fileEncoding = 4; lastKnownFileType = file.xib; path = AFFontListViewController.xib; sourceTree = "<group>"; };
		A9D3308813E1CC4200255D9E /* icon.png */ = {isa = PBXFileReference; lastKnownFileType = image.png; name = icon.png; path = images/icon.png; sourceTree = "<group>"; };
		A9D3308913E1CC4200255D9E /* icon@2x.png */ = {isa = PBXFileReference; lastKnownFileType = image.png; name = "icon@2x.png"; path = "images/icon@2x.png"; sourceTree = "<group>"; };
		A9E2E82313DF193700DF4FBF /* AppFontDemo.app */ = {isa = PBXFileReference; explicitFileType = wrapper.application; includeInIndex = 0; path = AppFontDemo.app; sourceTree = BUILT_PRODUCTS_DIR; };
		A9E2E82713DF193700DF4FBF /* UIKit.framework */ = {isa = PBXFileReference; lastKnownFileType = wrapper.framework; name = UIKit.framework; path = System/Library/Frameworks/UIKit.framework; sourceTree = SDKROOT; };
		A9E2E82913DF193700DF4FBF /* Foundation.framework */ = {isa = PBXFileReference; lastKnownFileType = wrapper.framework; name = Foundation.framework; path = System/Library/Frameworks/Foundation.framework; sourceTree = SDKROOT; };
		A9E2E82B13DF193700DF4FBF /* CoreGraphics.framework */ = {isa = PBXFileReference; lastKnownFileType = wrapper.framework; name = CoreGraphics.framework; path = System/Library/Frameworks/CoreGraphics.framework; sourceTree = SDKROOT; };
		A9E2E82F13DF193700DF4FBF /* AppFontDemo-Info.plist */ = {isa = PBXFileReference; lastKnownFileType = text.plist.xml; path = "AppFontDemo-Info.plist"; sourceTree = "<group>"; };
		A9E2E83113DF193700DF4FBF /* en */ = {isa = PBXFileReference; lastKnownFileType = text.plist.strings; name = en; path = en.lproj/InfoPlist.strings; sourceTree = "<group>"; };
		A9E2E83313DF193700DF4FBF /* AppFontDemo-Prefix.pch */ = {isa = PBXFileReference; lastKnownFileType = sourcecode.c.h; path = "AppFontDemo-Prefix.pch"; sourceTree = "<group>"; };
		A9E2E83413DF193700DF4FBF /* main.m */ = {isa = PBXFileReference; lastKnownFileType = sourcecode.c.objc; path = main.m; sourceTree = "<group>"; };
		A9E2E83613DF193700DF4FBF /* AppFontDemoAppDelegate.h */ = {isa = PBXFileReference; lastKnownFileType = sourcecode.c.h; path = AppFontDemoAppDelegate.h; sourceTree = "<group>"; };
		A9E2E83713DF193700DF4FBF /* AppFontDemoAppDelegate.m */ = {isa = PBXFileReference; lastKnownFileType = sourcecode.c.objc; path = AppFontDemoAppDelegate.m; sourceTree = "<group>"; };
		A9E2E83A13DF193700DF4FBF /* en */ = {isa = PBXFileReference; lastKnownFileType = file.xib; name = en; path = en.lproj/MainWindow.xib; sourceTree = "<group>"; };
		A9E2E83C13DF193700DF4FBF /* RootViewController.h */ = {isa = PBXFileReference; lastKnownFileType = sourcecode.c.h; path = RootViewController.h; sourceTree = "<group>"; };
		A9E2E83D13DF193700DF4FBF /* RootViewController.m */ = {isa = PBXFileReference; lastKnownFileType = sourcecode.c.objc; path = RootViewController.m; sourceTree = "<group>"; };
		A9E2E84013DF193700DF4FBF /* en */ = {isa = PBXFileReference; lastKnownFileType = file.xib; name = en; path = en.lproj/RootViewController.xib; sourceTree = "<group>"; };
		A9E2E85113DF2AB900DF4FBF /* AFButtonsViewController.h */ = {isa = PBXFileReference; fileEncoding = 4; lastKnownFileType = sourcecode.c.h; path = AFButtonsViewController.h; sourceTree = "<group>"; };
		A9E2E85213DF2AB900DF4FBF /* AFButtonsViewController.m */ = {isa = PBXFileReference; fileEncoding = 4; lastKnownFileType = sourcecode.c.objc; lineEnding = 0; path = AFButtonsViewController.m; sourceTree = "<group>"; xcLanguageSpecificationIdentifier = xcode.lang.objc; };
		A9E2E85313DF2AB900DF4FBF /* AFButtonsViewController.xib */ = {isa = PBXFileReference; fileEncoding = 4; lastKnownFileType = file.xib; path = AFButtonsViewController.xib; sourceTree = "<group>"; };
		A9E2E85613DF6B7A00DF4FBF /* UIViewController+AppFonts.h */ = {isa = PBXFileReference; fileEncoding = 4; lastKnownFileType = sourcecode.c.h; path = "UIViewController+AppFonts.h"; sourceTree = "<group>"; };
		A9E2E85713DF6B7A00DF4FBF /* UIViewController+AppFonts.m */ = {isa = PBXFileReference; fileEncoding = 4; lastKnownFileType = sourcecode.c.objc; path = "UIViewController+AppFonts.m"; sourceTree = "<group>"; };
		A9E2E85913DF70D400DF4FBF /* back-button@2x.png */ = {isa = PBXFileReference; lastKnownFileType = image.png; name = "back-button@2x.png"; path = "images/back-button@2x.png"; sourceTree = "<group>"; };
		A9E2E85B13DF72C000DF4FBF /* back-button.png */ = {isa = PBXFileReference; lastKnownFileType = image.png; name = "back-button.png"; path = "images/back-button.png"; sourceTree = "<group>"; };
		A9E2E85D13DF781200DF4FBF /* back-button-hi.png */ = {isa = PBXFileReference; lastKnownFileType = image.png; name = "back-button-hi.png"; path = "images/back-button-hi.png"; sourceTree = "<group>"; };
		A9E2E85E13DF781200DF4FBF /* back-button-hi@2x.png */ = {isa = PBXFileReference; lastKnownFileType = image.png; name = "back-button-hi@2x.png"; path = "images/back-button-hi@2x.png"; sourceTree = "<group>"; };
		A9E36A7B140E4BDD00666BA2 /* BasicGothicMobiPro-BlackItalic.ttf */ = {isa = PBXFileReference; lastKnownFileType = file; name = "BasicGothicMobiPro-BlackItalic.ttf"; path = "fonts/BasicGothicMobiPro-BlackItalic.ttf"; sourceTree = "<group>"; };
/* End PBXFileReference section */

/* Begin PBXFrameworksBuildPhase section */
		A9E2E82013DF193700DF4FBF /* Frameworks */ = {
			isa = PBXFrameworksBuildPhase;
			buildActionMask = 2147483647;
			files = (
				A908C72413E046870039E510 /* QuartzCore.framework in Frameworks */,
				A9E2E82813DF193700DF4FBF /* UIKit.framework in Frameworks */,
				A9E2E82A13DF193700DF4FBF /* Foundation.framework in Frameworks */,
				A9E2E82C13DF193700DF4FBF /* CoreGraphics.framework in Frameworks */,
			);
			runOnlyForDeploymentPostprocessing = 0;
		};
/* End PBXFrameworksBuildPhase section */

/* Begin PBXGroup section */
		A9E2E81813DF193600DF4FBF = {
			isa = PBXGroup;
			children = (
				A948142C13E1642A00AF4514 /* LICENSE.txt */,
				A948142A13E1630C00AF4514 /* README.md */,
				A9E2E82D13DF193700DF4FBF /* AppFontDemo */,
				A9E2E82613DF193700DF4FBF /* Frameworks */,
				A9E2E82413DF193700DF4FBF /* Products */,
			);
			sourceTree = "<group>";
		};
		A9E2E82413DF193700DF4FBF /* Products */ = {
			isa = PBXGroup;
			children = (
				A9E2E82313DF193700DF4FBF /* AppFontDemo.app */,
			);
			name = Products;
			sourceTree = "<group>";
		};
		A9E2E82613DF193700DF4FBF /* Frameworks */ = {
			isa = PBXGroup;
			children = (
				A908C72313E046870039E510 /* QuartzCore.framework */,
				A9E2E82713DF193700DF4FBF /* UIKit.framework */,
				A9E2E82913DF193700DF4FBF /* Foundation.framework */,
				A9E2E82B13DF193700DF4FBF /* CoreGraphics.framework */,
			);
			name = Frameworks;
			sourceTree = "<group>";
		};
		A9E2E82D13DF193700DF4FBF /* AppFontDemo */ = {
			isa = PBXGroup;
			children = (
				A9E2E83613DF193700DF4FBF /* AppFontDemoAppDelegate.h */,
				A9E2E83713DF193700DF4FBF /* AppFontDemoAppDelegate.m */,
				A9E2E83913DF193700DF4FBF /* MainWindow.xib */,
				A9E2E83C13DF193700DF4FBF /* RootViewController.h */,
				A9E2E83D13DF193700DF4FBF /* RootViewController.m */,
				A9E2E83F13DF193700DF4FBF /* RootViewController.xib */,
				A9E2E85113DF2AB900DF4FBF /* AFButtonsViewController.h */,
				A9E2E85213DF2AB900DF4FBF /* AFButtonsViewController.m */,
				A9E2E85313DF2AB900DF4FBF /* AFButtonsViewController.xib */,
				A908C71D13E034400039E510 /* AFTextViewController.h */,
				A908C71E13E034400039E510 /* AFTextViewController.m */,
				A908C71F13E034400039E510 /* AFTextViewController.xib */,
				A908C72513E052340039E510 /* AFLayersViewController.h */,
				A908C72613E052340039E510 /* AFLayersViewController.m */,
				A908C72713E052340039E510 /* AFLayersViewController.xib */,
				A908C72A13E060C10039E510 /* AFLayersView.h */,
				A908C72B13E060C10039E510 /* AFLayersView.m */,
				A948142313E15D6D00AF4514 /* AFWebViewController.h */,
				A948142413E15D6D00AF4514 /* AFWebViewController.m */,
				A948142513E15D6D00AF4514 /* AFWebViewController.xib */,
				A948142F13E18BE600AF4514 /* AFFontListViewController.h */,
				A948143013E18BE700AF4514 /* AFFontListViewController.m */,
				A948143113E18BE700AF4514 /* AFFontListViewController.xib */,
				A9E2E85613DF6B7A00DF4FBF /* UIViewController+AppFonts.h */,
				A9E2E85713DF6B7A00DF4FBF /* UIViewController+AppFonts.m */,
				A9E2E82E13DF193700DF4FBF /* Supporting Files */,
			);
			path = AppFontDemo;
			sourceTree = "<group>";
		};
		A9E2E82E13DF193700DF4FBF /* Supporting Files */ = {
			isa = PBXGroup;
			children = (
				A9E36A7B140E4BDD00666BA2 /* BasicGothicMobiPro-BlackItalic.ttf */,
				A9D3308813E1CC4200255D9E /* icon.png */,
				A9D3308913E1CC4200255D9E /* icon@2x.png */,
				A9E2E85D13DF781200DF4FBF /* back-button-hi.png */,
				A9E2E85E13DF781200DF4FBF /* back-button-hi@2x.png */,
				A9E2E85B13DF72C000DF4FBF /* back-button.png */,
				A9E2E85913DF70D400DF4FBF /* back-button@2x.png */,
				A9E2E82F13DF193700DF4FBF /* AppFontDemo-Info.plist */,
				A9E2E83013DF193700DF4FBF /* InfoPlist.strings */,
				A9E2E83313DF193700DF4FBF /* AppFontDemo-Prefix.pch */,
				A9E2E83413DF193700DF4FBF /* main.m */,
				A948142813E15EFC00AF4514 /* index.html */,
			);
			name = "Supporting Files";
			sourceTree = "<group>";
		};
/* End PBXGroup section */

/* Begin PBXNativeTarget section */
		A9E2E82213DF193700DF4FBF /* AppFontDemo */ = {
			isa = PBXNativeTarget;
			buildConfigurationList = A9E2E84413DF193700DF4FBF /* Build configuration list for PBXNativeTarget "AppFontDemo" */;
			buildPhases = (
				A9E2E81F13DF193700DF4FBF /* Sources */,
				A9E2E82013DF193700DF4FBF /* Frameworks */,
				A9E2E82113DF193700DF4FBF /* Resources */,
			);
			buildRules = (
			);
			dependencies = (
			);
			name = AppFontDemo;
			productName = AppFontDemo;
			productReference = A9E2E82313DF193700DF4FBF /* AppFontDemo.app */;
			productType = "com.apple.product-type.application";
		};
/* End PBXNativeTarget section */

/* Begin PBXProject section */
		A9E2E81A13DF193600DF4FBF /* Project object */ = {
			isa = PBXProject;
			buildConfigurationList = A9E2E81D13DF193600DF4FBF /* Build configuration list for PBXProject "AppFontDemo" */;
			compatibilityVersion = "Xcode 3.2";
			developmentRegion = English;
			hasScannedForEncodings = 0;
			knownRegions = (
				en,
			);
			mainGroup = A9E2E81813DF193600DF4FBF;
			productRefGroup = A9E2E82413DF193700DF4FBF /* Products */;
			projectDirPath = "";
			projectRoot = "";
			targets = (
				A9E2E82213DF193700DF4FBF /* AppFontDemo */,
			);
		};
/* End PBXProject section */

/* Begin PBXResourcesBuildPhase section */
		A9E2E82113DF193700DF4FBF /* Resources */ = {
			isa = PBXResourcesBuildPhase;
			buildActionMask = 2147483647;
			files = (
				A9E2E83213DF193700DF4FBF /* InfoPlist.strings in Resources */,
				A9E2E83B13DF193700DF4FBF /* MainWindow.xib in Resources */,
				A9E2E84113DF193700DF4FBF /* RootViewController.xib in Resources */,
				A9E2E85513DF2ABA00DF4FBF /* AFButtonsViewController.xib in Resources */,
				A9E2E85A13DF70D400DF4FBF /* back-button@2x.png in Resources */,
				A9E2E85C13DF72C000DF4FBF /* back-button.png in Resources */,
				A9E2E85F13DF781200DF4FBF /* back-button-hi.png in Resources */,
				A9E2E86013DF781200DF4FBF /* back-button-hi@2x.png in Resources */,
				A908C72113E034400039E510 /* AFTextViewController.xib in Resources */,
				A908C72913E052340039E510 /* AFLayersViewController.xib in Resources */,
				A948142713E15D6D00AF4514 /* AFWebViewController.xib in Resources */,
				A948142913E15EFC00AF4514 /* index.html in Resources */,
				A948142B13E1630C00AF4514 /* README.md in Resources */,
				A948142D13E1642A00AF4514 /* LICENSE.txt in Resources */,
				A948143313E18BE700AF4514 /* AFFontListViewController.xib in Resources */,
				A9D3308A13E1CC4200255D9E /* icon.png in Resources */,
				A9D3308B13E1CC4200255D9E /* icon@2x.png in Resources */,
				A9E36A7C140E4BDD00666BA2 /* BasicGothicMobiPro-BlackItalic.ttf in Resources */,
			);
			runOnlyForDeploymentPostprocessing = 0;
		};
/* End PBXResourcesBuildPhase section */

/* Begin PBXSourcesBuildPhase section */
		A9E2E81F13DF193700DF4FBF /* Sources */ = {
			isa = PBXSourcesBuildPhase;
			buildActionMask = 2147483647;
			files = (
				A9E2E83513DF193700DF4FBF /* main.m in Sources */,
				A9E2E83813DF193700DF4FBF /* AppFontDemoAppDelegate.m in Sources */,
				A9E2E83E13DF193700DF4FBF /* RootViewController.m in Sources */,
				A9E2E85413DF2ABA00DF4FBF /* AFButtonsViewController.m in Sources */,
				A9E2E85813DF6B7A00DF4FBF /* UIViewController+AppFonts.m in Sources */,
				A908C72013E034400039E510 /* AFTextViewController.m in Sources */,
				A908C72813E052340039E510 /* AFLayersViewController.m in Sources */,
				A908C72C13E060C10039E510 /* AFLayersView.m in Sources */,
				A948142613E15D6D00AF4514 /* AFWebViewController.m in Sources */,
				A948143213E18BE700AF4514 /* AFFontListViewController.m in Sources */,
			);
			runOnlyForDeploymentPostprocessing = 0;
		};
/* End PBXSourcesBuildPhase section */

/* Begin PBXVariantGroup section */
		A9E2E83013DF193700DF4FBF /* InfoPlist.strings */ = {
			isa = PBXVariantGroup;
			children = (
				A9E2E83113DF193700DF4FBF /* en */,
			);
			name = InfoPlist.strings;
			sourceTree = "<group>";
		};
		A9E2E83913DF193700DF4FBF /* MainWindow.xib */ = {
			isa = PBXVariantGroup;
			children = (
				A9E2E83A13DF193700DF4FBF /* en */,
			);
			name = MainWindow.xib;
			sourceTree = "<group>";
		};
		A9E2E83F13DF193700DF4FBF /* RootViewController.xib */ = {
			isa = PBXVariantGroup;
			children = (
				A9E2E84013DF193700DF4FBF /* en */,
			);
			name = RootViewController.xib;
			sourceTree = "<group>";
		};
/* End PBXVariantGroup section */

/* Begin XCBuildConfiguration section */
		A9E2E84213DF193700DF4FBF /* Debug */ = {
			isa = XCBuildConfiguration;
			buildSettings = {
				ARCHS = "$(ARCHS_STANDARD_32_BIT)";
				"CODE_SIGN_IDENTITY[sdk=iphoneos*]" = "iPhone Developer";
				GCC_C_LANGUAGE_STANDARD = gnu99;
				GCC_OPTIMIZATION_LEVEL = 0;
				GCC_PREPROCESSOR_DEFINITIONS = DEBUG;
				GCC_SYMBOLS_PRIVATE_EXTERN = NO;
				GCC_VERSION = com.apple.compilers.llvmgcc42;
				GCC_WARN_ABOUT_RETURN_TYPE = YES;
				GCC_WARN_UNUSED_VARIABLE = YES;
				IPHONEOS_DEPLOYMENT_TARGET = 4.3;
				SDKROOT = iphoneos;
			};
			name = Debug;
		};
		A9E2E84313DF193700DF4FBF /* Release */ = {
			isa = XCBuildConfiguration;
			buildSettings = {
				ARCHS = "$(ARCHS_STANDARD_32_BIT)";
				"CODE_SIGN_IDENTITY[sdk=iphoneos*]" = "iPhone Developer";
				GCC_C_LANGUAGE_STANDARD = gnu99;
				GCC_VERSION = com.apple.compilers.llvmgcc42;
				GCC_WARN_ABOUT_RETURN_TYPE = YES;
				GCC_WARN_UNUSED_VARIABLE = YES;
				IPHONEOS_DEPLOYMENT_TARGET = 4.3;
				OTHER_CFLAGS = "-DNS_BLOCK_ASSERTIONS=1";
				SDKROOT = iphoneos;
			};
			name = Release;
		};
		A9E2E84513DF193700DF4FBF /* Debug */ = {
			isa = XCBuildConfiguration;
			buildSettings = {
				ALWAYS_SEARCH_USER_PATHS = NO;
				COPY_PHASE_STRIP = NO;
				GCC_DYNAMIC_NO_PIC = NO;
				GCC_PRECOMPILE_PREFIX_HEADER = YES;
				GCC_PREFIX_HEADER = "AppFontDemo/AppFontDemo-Prefix.pch";
				INFOPLIST_FILE = "AppFontDemo/AppFontDemo-Info.plist";
				PRODUCT_NAME = "$(TARGET_NAME)";
				WRAPPER_EXTENSION = app;
			};
			name = Debug;
		};
		A9E2E84613DF193700DF4FBF /* Release */ = {
			isa = XCBuildConfiguration;
			buildSettings = {
				ALWAYS_SEARCH_USER_PATHS = NO;
				COPY_PHASE_STRIP = YES;
				GCC_PRECOMPILE_PREFIX_HEADER = YES;
				GCC_PREFIX_HEADER = "AppFontDemo/AppFontDemo-Prefix.pch";
				INFOPLIST_FILE = "AppFontDemo/AppFontDemo-Info.plist";
				PRODUCT_NAME = "$(TARGET_NAME)";
				VALIDATE_PRODUCT = YES;
				WRAPPER_EXTENSION = app;
			};
			name = Release;
		};
/* End XCBuildConfiguration section */

/* Begin XCConfigurationList section */
		A9E2E81D13DF193600DF4FBF /* Build configuration list for PBXProject "AppFontDemo" */ = {
			isa = XCConfigurationList;
			buildConfigurations = (
				A9E2E84213DF193700DF4FBF /* Debug */,
				A9E2E84313DF193700DF4FBF /* Release */,
			);
			defaultConfigurationIsVisible = 0;
			defaultConfigurationName = Release;
		};
		A9E2E84413DF193700DF4FBF /* Build configuration list for PBXNativeTarget "AppFontDemo" */ = {
			isa = XCConfigurationList;
			buildConfigurations = (
				A9E2E84513DF193700DF4FBF /* Debug */,
				A9E2E84613DF193700DF4FBF /* Release */,
			);
			defaultConfigurationIsVisible = 0;
			defaultConfigurationName = Release;
		};
/* End XCConfigurationList section */
	};
	rootObject = A9E2E81A13DF193600DF4FBF /* Project object */;
}
